
Microsoft Visual Studio Solution File, Format Version 12.00
# Visual Studio Version 16
VisualStudioVersion = 16.0.30225.117
MinimumVisualStudioVersion = 10.0.40219.1
Project("{FAE04EC0-301F-11D3-BF4B-00C04F79EFBC}") = "compiler_projecto", "compiler_projecto.csproj", "{1945662F-434F-4DB0-A3CA-77B59F3038A3}"
EndProject
Global
	GlobalSection(SolutionConfigurationPlatforms) = preSolution
		Debug|Any CPU = Debug|Any CPU
		Release|Any CPU = Release|Any CPU
	EndGlobalSection
	GlobalSection(ProjectConfigurationPlatforms) = postSolution
		{1945662F-434F-4DB0-A3CA-77B59F3038A3}.Debug|Any CPU.ActiveCfg = Debug|Any CPU
		{1945662F-434F-4DB0-A3CA-77B59F3038A3}.Debug|Any CPU.Build.0 = Debug|Any CPU
		{1945662F-434F-4DB0-A3CA-77B59F3038A3}.Release|Any CPU.ActiveCfg = Release|Any CPU
		{1945662F-434F-4DB0-A3CA-77B59F3038A3}.Release|Any CPU.Build.0 = Release|Any CPU
	EndGlobalSection
	GlobalSection(SolutionProperties) = preSolution
		HideSolutionNode = FALSE
	EndGlobalSection
	GlobalSection(ExtensibilityGlobals) = postSolution
		SolutionGuid = {8576C9F6-E0F7-4E34-ACB6-F3206B2C0AEE}
	EndGlobalSection
EndGlobal
